// !$*UTF8*$!
{
	archiveVersion = 1;
	classes = {
	};
	objectVersion = 50;
	objects = {

/* Begin PBXBuildFile section */
		F1768B582313D060009EBE1A /* AppDelegate.swift in Sources */ = {isa = PBXBuildFile; fileRef = F1768B572313D060009EBE1A /* AppDelegate.swift */; };
		F1768B5A2313D060009EBE1A /* ViewController.swift in Sources */ = {isa = PBXBuildFile; fileRef = F1768B592313D060009EBE1A /* ViewController.swift */; };
		F1768B5D2313D060009EBE1A /* Main.storyboard in Resources */ = {isa = PBXBuildFile; fileRef = F1768B5B2313D060009EBE1A /* Main.storyboard */; };
		F1768B5F2313D062009EBE1A /* Assets.xcassets in Resources */ = {isa = PBXBuildFile; fileRef = F1768B5E2313D062009EBE1A /* Assets.xcassets */; };
		F1768B622313D062009EBE1A /* LaunchScreen.storyboard in Resources */ = {isa = PBXBuildFile; fileRef = F1768B602313D062009EBE1A /* LaunchScreen.storyboard */; };
		F1768B6A2313D2AB009EBE1A /* weather_14.json in Resources */ = {isa = PBXBuildFile; fileRef = F1768B692313D2AB009EBE1A /* weather_14.json */; };
		F1768B6C2313D3CE009EBE1A /* WeatherModel.swift in Sources */ = {isa = PBXBuildFile; fileRef = F1768B6B2313D3CE009EBE1A /* WeatherModel.swift */; };
/* End PBXBuildFile section */

/* Begin PBXFileReference section */
		F1768B542313D060009EBE1A /* WeatherOnMap.app */ = {isa = PBXFileReference; explicitFileType = wrapper.application; includeInIndex = 0; path = WeatherOnMap.app; sourceTree = BUILT_PRODUCTS_DIR; };
		F1768B572313D060009EBE1A /* AppDelegate.swift */ = {isa = PBXFileReference; lastKnownFileType = sourcecode.swift; path = AppDelegate.swift; sourceTree = "<group>"; };
		F1768B592313D060009EBE1A /* ViewController.swift */ = {isa = PBXFileReference; lastKnownFileType = sourcecode.swift; path = ViewController.swift; sourceTree = "<group>"; };
		F1768B5C2313D060009EBE1A /* Base */ = {isa = PBXFileReference; lastKnownFileType = file.storyboard; name = Base; path = Base.lproj/Main.storyboard; sourceTree = "<group>"; };
		F1768B5E2313D062009EBE1A /* Assets.xcassets */ = {isa = PBXFileReference; lastKnownFileType = folder.assetcatalog; path = Assets.xcassets; sourceTree = "<group>"; };
		F1768B612313D062009EBE1A /* Base */ = {isa = PBXFileReference; lastKnownFileType = file.storyboard; name = Base; path = Base.lproj/LaunchScreen.storyboard; sourceTree = "<group>"; };
		F1768B632313D062009EBE1A /* Info.plist */ = {isa = PBXFileReference; lastKnownFileType = text.plist.xml; path = Info.plist; sourceTree = "<group>"; };
		F1768B692313D2AB009EBE1A /* weather_14.json */ = {isa = PBXFileReference; fileEncoding = 4; lastKnownFileType = text.json; path = weather_14.json; sourceTree = "<group>"; };
		F1768B6B2313D3CE009EBE1A /* WeatherModel.swift */ = {isa = PBXFileReference; lastKnownFileType = sourcecode.swift; path = WeatherModel.swift; sourceTree = "<group>"; };
/* End PBXFileReference section */

/* Begin PBXFrameworksBuildPhase section */
		F1768B512313D060009EBE1A /* Frameworks */ = {
			isa = PBXFrameworksBuildPhase;
			buildActionMask = 2147483647;
			files = (
			);
			runOnlyForDeploymentPostprocessing = 0;
		};
/* End PBXFrameworksBuildPhase section */

/* Begin PBXGroup section */
		F1768B4B2313D060009EBE1A = {
			isa = PBXGroup;
			children = (
				F1768B562313D060009EBE1A /* WeatherOnMap */,
				F1768B552313D060009EBE1A /* Products */,
			);
			sourceTree = "<group>";
		};
		F1768B552313D060009EBE1A /* Products */ = {
			isa = PBXGroup;
			children = (
				F1768B542313D060009EBE1A /* WeatherOnMap.app */,
			);
			name = Products;
			sourceTree = "<group>";
		};
		F1768B562313D060009EBE1A /* WeatherOnMap */ = {
			isa = PBXGroup;
			children = (
				F1768B572313D060009EBE1A /* AppDelegate.swift */,
				F1768B592313D060009EBE1A /* ViewController.swift */,
				F1768B6B2313D3CE009EBE1A /* WeatherModel.swift */,
				F1768B5B2313D060009EBE1A /* Main.storyboard */,
				F1768B692313D2AB009EBE1A /* weather_14.json */,
				F1768B5E2313D062009EBE1A /* Assets.xcassets */,
				F1768B602313D062009EBE1A /* LaunchScreen.storyboard */,
				F1768B632313D062009EBE1A /* Info.plist */,
			);
			path = WeatherOnMap;
			sourceTree = "<group>";
		};
/* End PBXGroup section */

/* Begin PBXNativeTarget section */
		F1768B532313D060009EBE1A /* WeatherOnMap */ = {
			isa = PBXNativeTarget;
			buildConfigurationList = F1768B662313D062009EBE1A /* Build configuration list for PBXNativeTarget "WeatherOnMap" */;
			buildPhases = (
				F1768B502313D060009EBE1A /* Sources */,
				F1768B512313D060009EBE1A /* Frameworks */,
				F1768B522313D060009EBE1A /* Resources */,
			);
			buildRules = (
			);
			dependencies = (
			);
			name = WeatherOnMap;
			productName = WeatherOnMap;
			productReference = F1768B542313D060009EBE1A /* WeatherOnMap.app */;
			productType = "com.apple.product-type.application";
		};
/* End PBXNativeTarget section */

/* Begin PBXProject section */
		F1768B4C2313D060009EBE1A /* Project object */ = {
			isa = PBXProject;
			attributes = {
				LastSwiftUpdateCheck = 1030;
				LastUpgradeCheck = 1030;
				ORGANIZATIONNAME = "Vova SKR";
				TargetAttributes = {
					F1768B532313D060009EBE1A = {
						CreatedOnToolsVersion = 10.3;
					};
				};
			};
			buildConfigurationList = F1768B4F2313D060009EBE1A /* Build configuration list for PBXProject "WeatherOnMap" */;
			compatibilityVersion = "Xcode 9.3";
			developmentRegion = en;
			hasScannedForEncodings = 0;
			knownRegions = (
				en,
				Base,
			);
			mainGroup = F1768B4B2313D060009EBE1A;
			productRefGroup = F1768B552313D060009EBE1A /* Products */;
			projectDirPath = "";
			projectRoot = "";
			targets = (
				F1768B532313D060009EBE1A /* WeatherOnMap */,
			);
		};
/* End PBXProject section */

/* Begin PBXResourcesBuildPhase section */
		F1768B522313D060009EBE1A /* Resources */ = {
			isa = PBXResourcesBuildPhase;
			buildActionMask = 2147483647;
			files = (
				F1768B622313D062009EBE1A /* LaunchScreen.storyboard in Resources */,
				F1768B5F2313D062009EBE1A /* Assets.xcassets in Resources */,
				F1768B5D2313D060009EBE1A /* Main.storyboard in Resources */,
				F1768B6A2313D2AB009EBE1A /* weather_14.json in Resources */,
			);
			runOnlyForDeploymentPostprocessing = 0;
		};
/* End PBXResourcesBuildPhase section */

/* Begin PBXSourcesBuildPhase section */
		F1768B502313D060009EBE1A /* Sources */ = {
			isa = PBXSourcesBuildPhase;
			buildActionMask = 2147483647;
			files = (
				F1768B5A2313D060009EBE1A /* ViewController.swift in Sources */,
				F1768B6C2313D3CE009EBE1A /* WeatherModel.swift in Sources */,
				F1768B582313D060009EBE1A /* AppDelegate.swift in Sources */,
			);
			runOnlyForDeploymentPostprocessing = 0;
		};
/* End PBXSourcesBuildPhase section */

/* Begin PBXVariantGroup section */
		F1768B5B2313D060009EBE1A /* Main.storyboard */ = {
			isa = PBXVariantGroup;
			children = (
				F1768B5C2313D060009EBE1A /* Base */,
			);
			name = Main.storyboard;
			sourceTree = "<group>";
		};
		F1768B602313D062009EBE1A /* LaunchScreen.storyboard */ = {
			isa = PBXVariantGroup;
			children = (
				F1768B612313D062009EBE1A /* Base */,
			);
			name = LaunchScreen.storyboard;
			sourceTree = "<group>";
		};
/* End PBXVariantGroup section */

/* Begin XCBuildConfiguration section */
		F1768B642313D062009EBE1A /* Debug */ = {
			isa = XCBuildConfiguration;
			buildSettings = {
				ALWAYS_SEARCH_USER_PATHS = NO;
				CLANG_ANALYZER_NONNULL = YES;
				CLANG_ANALYZER_NUMBER_OBJECT_CONVERSION = YES_AGGRESSIVE;
				CLANG_CXX_LANGUAGE_STANDARD = "gnu++14";
				CLANG_CXX_LIBRARY = "libc++";
				CLANG_ENABLE_MODULES = YES;
				CLANG_ENABLE_OBJC_ARC = YES;
				CLANG_ENABLE_OBJC_WEAK = YES;
				CLANG_WARN_BLOCK_CAPTURE_AUTORELEASING = YES;
				CLANG_WARN_BOOL_CONVERSION = YES;
				CLANG_WARN_COMMA = YES;
				CLANG_WARN_CONSTANT_CONVERSION = YES;
				CLANG_WARN_DEPRECATED_OBJC_IMPLEMENTATIONS = YES;
				CLANG_WARN_DIRECT_OBJC_ISA_USAGE = YES_ERROR;
				CLANG_WARN_DOCUMENTATION_COMMENTS = YES;
				CLANG_WARN_EMPTY_BODY = YES;
				CLANG_WARN_ENUM_CONVERSION = YES;
				CLANG_WARN_INFINITE_RECURSION = YES;
				CLANG_WARN_INT_CONVERSION = YES;
				CLANG_WARN_NON_LITERAL_NULL_CONVERSION = YES;
				CLANG_WARN_OBJC_IMPLICIT_RETAIN_SELF = YES;
				CLANG_WARN_OBJC_LITERAL_CONVERSION = YES;
				CLANG_WARN_OBJC_ROOT_CLASS = YES_ERROR;
				CLANG_WARN_RANGE_LOOP_ANALYSIS = YES;
				CLANG_WARN_STRICT_PROTOTYPES = YES;
				CLANG_WARN_SUSPICIOUS_MOVE = YES;
				CLANG_WARN_UNGUARDED_AVAILABILITY = YES_AGGRESSIVE;
				CLANG_WARN_UNREACHABLE_CODE = YES;
				CLANG_WARN__DUPLICATE_METHOD_MATCH = YES;
				CODE_SIGN_IDENTITY = "iPhone Developer";
				COPY_PHASE_STRIP = NO;
				DEBUG_INFORMATION_FORMAT = dwarf;
				ENABLE_STRICT_OBJC_MSGSEND = YES;
				ENABLE_TESTABILITY = YES;
				GCC_C_LANGUAGE_STANDARD = gnu11;
				GCC_DYNAMIC_NO_PIC = NO;
				GCC_NO_COMMON_BLOCKS = YES;
				GCC_OPTIMIZATION_LEVEL = 0;
				GCC_PREPROCESSOR_DEFINITIONS = (
					"DEBUG=1",
					"$(inherited)",
				);
				GCC_WARN_64_TO_32_BIT_CONVERSION = YES;
				GCC_WARN_ABOUT_RETURN_TYPE = YES_ERROR;
				GCC_WARN_UNDECLARED_SELECTOR = YES;
				GCC_WARN_UNINITIALIZED_AUTOS = YES_AGGRESSIVE;
				GCC_WARN_UNUSED_FUNCTION = YES;
				GCC_WARN_UNUSED_VARIABLE = YES;
				IPHONEOS_DEPLOYMENT_TARGET = 12.4;
				MTL_ENABLE_DEBUG_INFO = INCLUDE_SOURCE;
				MTL_FAST_MATH = YES;
				ONLY_ACTIVE_ARCH = YES;
				SDKROOT = iphoneos;
				SWIFT_ACTIVE_COMPILATION_CONDITIONS = DEBUG;
				SWIFT_OPTIMIZATION_LEVEL = "-Onone";
			};
			name = Debug;
		};
		F1768B652313D062009EBE1A /* Release */ = {
			isa = XCBuildConfiguration;
			buildSettings = {
				ALWAYS_SEARCH_USER_PATHS = NO;
				CLANG_ANALYZER_NONNULL = YES;
				CLANG_ANALYZER_NUMBER_OBJECT_CONVERSION = YES_AGGRESSIVE;
				CLANG_CXX_LANGUAGE_STANDARD = "gnu++14";
				CLANG_CXX_LIBRARY = "libc++";
				CLANG_ENABLE_MODULES = YES;
				CLANG_ENABLE_OBJC_ARC = YES;
				CLANG_ENABLE_OBJC_WEAK = YES;
				CLANG_WARN_BLOCK_CAPTURE_AUTORELEASING = YES;
				CLANG_WARN_BOOL_CONVERSION = YES;
				CLANG_WARN_COMMA = YES;
				CLANG_WARN_CONSTANT_CONVERSION = YES;
				CLANG_WARN_DEPRECATED_OBJC_IMPLEMENTATIONS = YES;
				CLANG_WARN_DIRECT_OBJC_ISA_USAGE = YES_ERROR;
				CLANG_WARN_DOCUMENTATION_COMMENTS = YES;
				CLANG_WARN_EMPTY_BODY = YES;
				CLANG_WARN_ENUM_CONVERSION = YES;
				CLANG_WARN_INFINITE_RECURSION = YES;
				CLANG_WARN_INT_CONVERSION = YES;
				CLANG_WARN_NON_LITERAL_NULL_CONVERSION = YES;
				CLANG_WARN_OBJC_IMPLICIT_RETAIN_SELF = YES;
				CLANG_WARN_OBJC_LITERAL_CONVERSION = YES;
				CLANG_WARN_OBJC_ROOT_CLASS = YES_ERROR;
				CLANG_WARN_RANGE_LOOP_ANALYSIS = YES;
				CLANG_WARN_STRICT_PROTOTYPES = YES;
				CLANG_WARN_SUSPICIOUS_MOVE = YES;
				CLANG_WARN_UNGUARDED_AVAILABILITY = YES_AGGRESSIVE;
				CLANG_WARN_UNREACHABLE_CODE = YES;
				CLANG_WARN__DUPLICATE_METHOD_MATCH = YES;
				CODE_SIGN_IDENTITY = "iPhone Developer";
				COPY_PHASE_STRIP = NO;
				DEBUG_INFORMATION_FORMAT = "dwarf-with-dsym";
				ENABLE_NS_ASSERTIONS = NO;
				ENABLE_STRICT_OBJC_MSGSEND = YES;
				GCC_C_LANGUAGE_STANDARD = gnu11;
				GCC_NO_COMMON_BLOCKS = YES;
				GCC_WARN_64_TO_32_BIT_CONVERSION = YES;
				GCC_WARN_ABOUT_RETURN_TYPE = YES_ERROR;
				GCC_WARN_UNDECLARED_SELECTOR = YES;
				GCC_WARN_UNINITIALIZED_AUTOS = YES_AGGRESSIVE;
				GCC_WARN_UNUSED_FUNCTION = YES;
				GCC_WARN_UNUSED_VARIABLE = YES;
				IPHONEOS_DEPLOYMENT_TARGET = 12.4;
				MTL_ENABLE_DEBUG_INFO = NO;
				MTL_FAST_MATH = YES;
				SDKROOT = iphoneos;
				SWIFT_COMPILATION_MODE = wholemodule;
				SWIFT_OPTIMIZATION_LEVEL = "-O";
				VALIDATE_PRODUCT = YES;
			};
			name = Release;
		};
		F1768B672313D062009EBE1A /* Debug */ = {
			isa = XCBuildConfiguration;
			buildSettings = {
				ASSETCATALOG_COMPILER_APPICON_NAME = AppIcon;
				CODE_SIGN_STYLE = Automatic;
				DEVELOPMENT_TEAM = 5685WBW9QW;
				INFOPLIST_FILE = WeatherOnMap/Info.plist;
				LD_RUNPATH_SEARCH_PATHS = (
					"$(inherited)",
					"@executable_path/Frameworks",
				);
				PRODUCT_BUNDLE_IDENTIFIER = VVSKR.WeatherOnMap;
				PRODUCT_NAME = "$(TARGET_NAME)";
				SWIFT_VERSION = 5.0;
				TARGETED_DEVICE_FAMILY = "1,2";
			};
			name = Debug;
		};
		F1768B682313D062009EBE1A /* Release */ = {
			isa = XCBuildConfiguration;
			buildSettings = {
				ASSETCATALOG_COMPILER_APPICON_NAME = AppIcon;
				CODE_SIGN_STYLE = Automatic;
				DEVELOPMENT_TEAM = 5685WBW9QW;
				INFOPLIST_FILE = WeatherOnMap/Info.plist;
				LD_RUNPATH_SEARCH_PATHS = (
					"$(inherited)",
					"@executable_path/Frameworks",
				);
				PRODUCT_BUNDLE_IDENTIFIER = VVSKR.WeatherOnMap;
				PRODUCT_NAME = "$(TARGET_NAME)";
				SWIFT_VERSION = 5.0;
				TARGETED_DEVICE_FAMILY = "1,2";
			};
			name = Release;
		};
/* End XCBuildConfiguration section */

/* Begin XCConfigurationList section */
		F1768B4F2313D060009EBE1A /* Build configuration list for PBXProject "WeatherOnMap" */ = {
			isa = XCConfigurationList;
			buildConfigurations = (
				F1768B642313D062009EBE1A /* Debug */,
				F1768B652313D062009EBE1A /* Release */,
			);
			defaultConfigurationIsVisible = 0;
			defaultConfigurationName = Release;
		};
		F1768B662313D062009EBE1A /* Build configuration list for PBXNativeTarget "WeatherOnMap" */ = {
			isa = XCConfigurationList;
			buildConfigurations = (
				F1768B672313D062009EBE1A /* Debug */,
				F1768B682313D062009EBE1A /* Release */,
			);
			defaultConfigurationIsVisible = 0;
			defaultConfigurationName = Release;
		};
/* End XCConfigurationList section */
	};
	rootObject = F1768B4C2313D060009EBE1A /* Project object */;
}
